// !$*UTF8*$!
{
	archiveVersion = 1;
	classes = {
	};
	objectVersion = 56;
	objects = {

/* Begin PBXBuildFile section */
		011DEC502BAF048100B2249F /* TodayLayoutView.swift in Sources */ = {isa = PBXBuildFile; fileRef = 011DEC4F2BAF048100B2249F /* TodayLayoutView.swift */; };
		011DEC542BAF0A9D00B2249F /* SpaceView2.swift in Sources */ = {isa = PBXBuildFile; fileRef = 011DEC532BAF0A9D00B2249F /* SpaceView2.swift */; };
		011DEC562BAF0BFC00B2249F /* MoodView.swift in Sources */ = {isa = PBXBuildFile; fileRef = 011DEC552BAF0BFC00B2249F /* MoodView.swift */; };
		011DEC582BAF0C0D00B2249F /* ScheduleView.swift in Sources */ = {isa = PBXBuildFile; fileRef = 011DEC572BAF0C0D00B2249F /* ScheduleView.swift */; };
		011DEC5A2BAF0C5600B2249F /* TasksView.swift in Sources */ = {isa = PBXBuildFile; fileRef = 011DEC592BAF0C5600B2249F /* TasksView.swift */; };
		011DEC5C2BAF0C7200B2249F /* WeatherView.swift in Sources */ = {isa = PBXBuildFile; fileRef = 011DEC5B2BAF0C7200B2249F /* WeatherView.swift */; };
		011DEC5E2BAF0C7B00B2249F /* GratitudeView.swift in Sources */ = {isa = PBXBuildFile; fileRef = 011DEC5D2BAF0C7B00B2249F /* GratitudeView.swift */; };
		011DEC602BAF0C9A00B2249F /* NotesView.swift in Sources */ = {isa = PBXBuildFile; fileRef = 011DEC5F2BAF0C9A00B2249F /* NotesView.swift */; };
		011DEC622BAF0CE200B2249F /* WaterView.swift in Sources */ = {isa = PBXBuildFile; fileRef = 011DEC612BAF0CE200B2249F /* WaterView.swift */; };
		011DEC642BAF0CEC00B2249F /* MealsView.swift in Sources */ = {isa = PBXBuildFile; fileRef = 011DEC632BAF0CEC00B2249F /* MealsView.swift */; };
		011DEC662BAF2E3800B2249F /* Modules.swift in Sources */ = {isa = PBXBuildFile; fileRef = 011DEC652BAF2E3800B2249F /* Modules.swift */; };
		0134A97C2BACA44300D5BB5C /* Planner_AppApp.swift in Sources */ = {isa = PBXBuildFile; fileRef = 0134A97B2BACA44300D5BB5C /* Planner_AppApp.swift */; };
		0134A97E2BACA44300D5BB5C /* ContentView.swift in Sources */ = {isa = PBXBuildFile; fileRef = 0134A97D2BACA44300D5BB5C /* ContentView.swift */; };
		0134A9822BACA44400D5BB5C /* Assets.xcassets in Resources */ = {isa = PBXBuildFile; fileRef = 0134A9812BACA44400D5BB5C /* Assets.xcassets */; };
		0134A9862BACA44400D5BB5C /* Preview Assets.xcassets in Resources */ = {isa = PBXBuildFile; fileRef = 0134A9852BACA44400D5BB5C /* Preview Assets.xcassets */; };
		0134A9902BACA44400D5BB5C /* Planner_AppTests.swift in Sources */ = {isa = PBXBuildFile; fileRef = 0134A98F2BACA44400D5BB5C /* Planner_AppTests.swift */; };
		0134A99A2BACA44400D5BB5C /* Planner_AppUITests.swift in Sources */ = {isa = PBXBuildFile; fileRef = 0134A9992BACA44400D5BB5C /* Planner_AppUITests.swift */; };
		0134A99C2BACA44400D5BB5C /* Planner_AppUITestsLaunchTests.swift in Sources */ = {isa = PBXBuildFile; fileRef = 0134A99B2BACA44400D5BB5C /* Planner_AppUITestsLaunchTests.swift */; };
		0134A9A92BACAB4C00D5BB5C /* TodayView.swift in Sources */ = {isa = PBXBuildFile; fileRef = 0134A9A82BACAB4C00D5BB5C /* TodayView.swift */; };
		0134A9AD2BACC6DE00D5BB5C /* TodayBoxView.swift in Sources */ = {isa = PBXBuildFile; fileRef = 0134A9AC2BACC6DE00D5BB5C /* TodayBoxView.swift */; };
		0134A9AF2BACC7A900D5BB5C /* MiniMonthCalendarView.swift in Sources */ = {isa = PBXBuildFile; fileRef = 0134A9AE2BACC7A900D5BB5C /* MiniMonthCalendarView.swift */; };
		0134A9B42BAD1AA700D5BB5C /* AddModuleView.swift in Sources */ = {isa = PBXBuildFile; fileRef = 0134A9B32BAD1AA700D5BB5C /* AddModuleView.swift */; };
		0134A9B62BAD1B4900D5BB5C /* ModuleNames.swift in Sources */ = {isa = PBXBuildFile; fileRef = 0134A9B52BAD1B4900D5BB5C /* ModuleNames.swift */; };
		0135C3BC2BAF68C600D60E30 /* CircleSlider.swift in Sources */ = {isa = PBXBuildFile; fileRef = 0135C3BB2BAF68C600D60E30 /* CircleSlider.swift */; };
		0135C3BE2BAF7C2300D60E30 /* Slider.swift in Sources */ = {isa = PBXBuildFile; fileRef = 0135C3BD2BAF7C2300D60E30 /* Slider.swift */; };
/* End PBXBuildFile section */

/* Begin PBXContainerItemProxy section */
		0134A98C2BACA44400D5BB5C /* PBXContainerItemProxy */ = {
			isa = PBXContainerItemProxy;
			containerPortal = 0134A9702BACA44300D5BB5C /* Project object */;
			proxyType = 1;
			remoteGlobalIDString = 0134A9772BACA44300D5BB5C;
			remoteInfo = "Planner App";
		};
		0134A9962BACA44400D5BB5C /* PBXContainerItemProxy */ = {
			isa = PBXContainerItemProxy;
			containerPortal = 0134A9702BACA44300D5BB5C /* Project object */;
			proxyType = 1;
			remoteGlobalIDString = 0134A9772BACA44300D5BB5C;
			remoteInfo = "Planner App";
		};
/* End PBXContainerItemProxy section */

/* Begin PBXFileReference section */
		011DEC4F2BAF048100B2249F /* TodayLayoutView.swift */ = {isa = PBXFileReference; lastKnownFileType = sourcecode.swift; path = TodayLayoutView.swift; sourceTree = "<group>"; };
		011DEC532BAF0A9D00B2249F /* SpaceView2.swift */ = {isa = PBXFileReference; lastKnownFileType = sourcecode.swift; path = SpaceView2.swift; sourceTree = "<group>"; };
		011DEC552BAF0BFC00B2249F /* MoodView.swift */ = {isa = PBXFileReference; lastKnownFileType = sourcecode.swift; path = MoodView.swift; sourceTree = "<group>"; };
		011DEC572BAF0C0D00B2249F /* ScheduleView.swift */ = {isa = PBXFileReference; lastKnownFileType = sourcecode.swift; path = ScheduleView.swift; sourceTree = "<group>"; };
		011DEC592BAF0C5600B2249F /* TasksView.swift */ = {isa = PBXFileReference; lastKnownFileType = sourcecode.swift; path = TasksView.swift; sourceTree = "<group>"; };
		011DEC5B2BAF0C7200B2249F /* WeatherView.swift */ = {isa = PBXFileReference; lastKnownFileType = sourcecode.swift; path = WeatherView.swift; sourceTree = "<group>"; };
		011DEC5D2BAF0C7B00B2249F /* GratitudeView.swift */ = {isa = PBXFileReference; lastKnownFileType = sourcecode.swift; path = GratitudeView.swift; sourceTree = "<group>"; };
		011DEC5F2BAF0C9A00B2249F /* NotesView.swift */ = {isa = PBXFileReference; lastKnownFileType = sourcecode.swift; path = NotesView.swift; sourceTree = "<group>"; };
		011DEC612BAF0CE200B2249F /* WaterView.swift */ = {isa = PBXFileReference; lastKnownFileType = sourcecode.swift; path = WaterView.swift; sourceTree = "<group>"; };
		011DEC632BAF0CEC00B2249F /* MealsView.swift */ = {isa = PBXFileReference; lastKnownFileType = sourcecode.swift; path = MealsView.swift; sourceTree = "<group>"; };
		011DEC652BAF2E3800B2249F /* Modules.swift */ = {isa = PBXFileReference; lastKnownFileType = sourcecode.swift; path = Modules.swift; sourceTree = "<group>"; };
		0134A9782BACA44300D5BB5C /* Planner App.app */ = {isa = PBXFileReference; explicitFileType = wrapper.application; includeInIndex = 0; path = "Planner App.app"; sourceTree = BUILT_PRODUCTS_DIR; };
		0134A97B2BACA44300D5BB5C /* Planner_AppApp.swift */ = {isa = PBXFileReference; lastKnownFileType = sourcecode.swift; path = Planner_AppApp.swift; sourceTree = "<group>"; };
		0134A97D2BACA44300D5BB5C /* ContentView.swift */ = {isa = PBXFileReference; lastKnownFileType = sourcecode.swift; path = ContentView.swift; sourceTree = "<group>"; };
		0134A9812BACA44400D5BB5C /* Assets.xcassets */ = {isa = PBXFileReference; lastKnownFileType = folder.assetcatalog; path = Assets.xcassets; sourceTree = "<group>"; };
		0134A9832BACA44400D5BB5C /* Planner_App.entitlements */ = {isa = PBXFileReference; lastKnownFileType = text.plist.entitlements; path = Planner_App.entitlements; sourceTree = "<group>"; };
		0134A9852BACA44400D5BB5C /* Preview Assets.xcassets */ = {isa = PBXFileReference; lastKnownFileType = folder.assetcatalog; path = "Preview Assets.xcassets"; sourceTree = "<group>"; };
		0134A98B2BACA44400D5BB5C /* Planner AppTests.xctest */ = {isa = PBXFileReference; explicitFileType = wrapper.cfbundle; includeInIndex = 0; path = "Planner AppTests.xctest"; sourceTree = BUILT_PRODUCTS_DIR; };
		0134A98F2BACA44400D5BB5C /* Planner_AppTests.swift */ = {isa = PBXFileReference; lastKnownFileType = sourcecode.swift; path = Planner_AppTests.swift; sourceTree = "<group>"; };
		0134A9952BACA44400D5BB5C /* Planner AppUITests.xctest */ = {isa = PBXFileReference; explicitFileType = wrapper.cfbundle; includeInIndex = 0; path = "Planner AppUITests.xctest"; sourceTree = BUILT_PRODUCTS_DIR; };
		0134A9992BACA44400D5BB5C /* Planner_AppUITests.swift */ = {isa = PBXFileReference; lastKnownFileType = sourcecode.swift; path = Planner_AppUITests.swift; sourceTree = "<group>"; };
		0134A99B2BACA44400D5BB5C /* Planner_AppUITestsLaunchTests.swift */ = {isa = PBXFileReference; lastKnownFileType = sourcecode.swift; path = Planner_AppUITestsLaunchTests.swift; sourceTree = "<group>"; };
		0134A9A82BACAB4C00D5BB5C /* TodayView.swift */ = {isa = PBXFileReference; lastKnownFileType = sourcecode.swift; path = TodayView.swift; sourceTree = "<group>"; };
		0134A9AC2BACC6DE00D5BB5C /* TodayBoxView.swift */ = {isa = PBXFileReference; lastKnownFileType = sourcecode.swift; path = TodayBoxView.swift; sourceTree = "<group>"; };
		0134A9AE2BACC7A900D5BB5C /* MiniMonthCalendarView.swift */ = {isa = PBXFileReference; lastKnownFileType = sourcecode.swift; path = MiniMonthCalendarView.swift; sourceTree = "<group>"; };
		0134A9B32BAD1AA700D5BB5C /* AddModuleView.swift */ = {isa = PBXFileReference; lastKnownFileType = sourcecode.swift; path = AddModuleView.swift; sourceTree = "<group>"; };
		0134A9B52BAD1B4900D5BB5C /* ModuleNames.swift */ = {isa = PBXFileReference; lastKnownFileType = sourcecode.swift; path = ModuleNames.swift; sourceTree = "<group>"; };
		0135C3BB2BAF68C600D60E30 /* CircleSlider.swift */ = {isa = PBXFileReference; lastKnownFileType = sourcecode.swift; path = CircleSlider.swift; sourceTree = "<group>"; };
		0135C3BD2BAF7C2300D60E30 /* Slider.swift */ = {isa = PBXFileReference; lastKnownFileType = sourcecode.swift; path = Slider.swift; sourceTree = "<group>"; };
/* End PBXFileReference section */

/* Begin PBXFrameworksBuildPhase section */
		0134A9752BACA44300D5BB5C /* Frameworks */ = {
			isa = PBXFrameworksBuildPhase;
			buildActionMask = 2147483647;
			files = (
			);
			runOnlyForDeploymentPostprocessing = 0;
		};
		0134A9882BACA44400D5BB5C /* Frameworks */ = {
			isa = PBXFrameworksBuildPhase;
			buildActionMask = 2147483647;
			files = (
			);
			runOnlyForDeploymentPostprocessing = 0;
		};
		0134A9922BACA44400D5BB5C /* Frameworks */ = {
			isa = PBXFrameworksBuildPhase;
			buildActionMask = 2147483647;
			files = (
			);
			runOnlyForDeploymentPostprocessing = 0;
		};
/* End PBXFrameworksBuildPhase section */

/* Begin PBXGroup section */
		0134A96F2BACA44300D5BB5C = {
			isa = PBXGroup;
			children = (
				0134A97A2BACA44300D5BB5C /* Planner App */,
				0134A98E2BACA44400D5BB5C /* Planner AppTests */,
				0134A9982BACA44400D5BB5C /* Planner AppUITests */,
				0134A9792BACA44300D5BB5C /* Products */,
			);
			sourceTree = "<group>";
		};
		0134A9792BACA44300D5BB5C /* Products */ = {
			isa = PBXGroup;
			children = (
				0134A9782BACA44300D5BB5C /* Planner App.app */,
				0134A98B2BACA44400D5BB5C /* Planner AppTests.xctest */,
				0134A9952BACA44400D5BB5C /* Planner AppUITests.xctest */,
			);
			name = Products;
			sourceTree = "<group>";
		};
		0134A97A2BACA44300D5BB5C /* Planner App */ = {
			isa = PBXGroup;
			children = (
				0134A97B2BACA44300D5BB5C /* Planner_AppApp.swift */,
				0134A97D2BACA44300D5BB5C /* ContentView.swift */,
				0134A9A82BACAB4C00D5BB5C /* TodayView.swift */,
				011DEC4F2BAF048100B2249F /* TodayLayoutView.swift */,
				011DEC532BAF0A9D00B2249F /* SpaceView2.swift */,
				0134A9AC2BACC6DE00D5BB5C /* TodayBoxView.swift */,
				0134A9B02BACFD2700D5BB5C /* Modules */,
				0134A9812BACA44400D5BB5C /* Assets.xcassets */,
				0134A9832BACA44400D5BB5C /* Planner_App.entitlements */,
				0134A9842BACA44400D5BB5C /* Preview Content */,
			);
			path = "Planner App";
			sourceTree = "<group>";
		};
		0134A9842BACA44400D5BB5C /* Preview Content */ = {
			isa = PBXGroup;
			children = (
				0134A9852BACA44400D5BB5C /* Preview Assets.xcassets */,
			);
			path = "Preview Content";
			sourceTree = "<group>";
		};
		0134A98E2BACA44400D5BB5C /* Planner AppTests */ = {
			isa = PBXGroup;
			children = (
				0134A98F2BACA44400D5BB5C /* Planner_AppTests.swift */,
			);
			path = "Planner AppTests";
			sourceTree = "<group>";
		};
		0134A9982BACA44400D5BB5C /* Planner AppUITests */ = {
			isa = PBXGroup;
			children = (
				0134A9992BACA44400D5BB5C /* Planner_AppUITests.swift */,
				0134A99B2BACA44400D5BB5C /* Planner_AppUITestsLaunchTests.swift */,
			);
			path = "Planner AppUITests";
			sourceTree = "<group>";
		};
		0134A9B02BACFD2700D5BB5C /* Modules */ = {
			isa = PBXGroup;
			children = (
				0134A9B32BAD1AA700D5BB5C /* AddModuleView.swift */,
				0134A9B52BAD1B4900D5BB5C /* ModuleNames.swift */,
				0134A9AE2BACC7A900D5BB5C /* MiniMonthCalendarView.swift */,
				011DEC552BAF0BFC00B2249F /* MoodView.swift */,
				011DEC572BAF0C0D00B2249F /* ScheduleView.swift */,
				011DEC592BAF0C5600B2249F /* TasksView.swift */,
				011DEC5B2BAF0C7200B2249F /* WeatherView.swift */,
				011DEC5D2BAF0C7B00B2249F /* GratitudeView.swift */,
				011DEC5F2BAF0C9A00B2249F /* NotesView.swift */,
				0135C3BB2BAF68C600D60E30 /* CircleSlider.swift */,
				0135C3BD2BAF7C2300D60E30 /* Slider.swift */,
				011DEC612BAF0CE200B2249F /* WaterView.swift */,
				011DEC632BAF0CEC00B2249F /* MealsView.swift */,
				011DEC652BAF2E3800B2249F /* Modules.swift */,
			);
			path = Modules;
			sourceTree = "<group>";
		};
/* End PBXGroup section */

/* Begin PBXNativeTarget section */
		0134A9772BACA44300D5BB5C /* Planner App */ = {
			isa = PBXNativeTarget;
			buildConfigurationList = 0134A99F2BACA44400D5BB5C /* Build configuration list for PBXNativeTarget "Planner App" */;
			buildPhases = (
				0134A9742BACA44300D5BB5C /* Sources */,
				0134A9752BACA44300D5BB5C /* Frameworks */,
				0134A9762BACA44300D5BB5C /* Resources */,
			);
			buildRules = (
			);
			dependencies = (
			);
			name = "Planner App";
			productName = "Planner App";
			productReference = 0134A9782BACA44300D5BB5C /* Planner App.app */;
			productType = "com.apple.product-type.application";
		};
		0134A98A2BACA44400D5BB5C /* Planner AppTests */ = {
			isa = PBXNativeTarget;
			buildConfigurationList = 0134A9A22BACA44400D5BB5C /* Build configuration list for PBXNativeTarget "Planner AppTests" */;
			buildPhases = (
				0134A9872BACA44400D5BB5C /* Sources */,
				0134A9882BACA44400D5BB5C /* Frameworks */,
				0134A9892BACA44400D5BB5C /* Resources */,
			);
			buildRules = (
			);
			dependencies = (
				0134A98D2BACA44400D5BB5C /* PBXTargetDependency */,
			);
			name = "Planner AppTests";
			productName = "Planner AppTests";
			productReference = 0134A98B2BACA44400D5BB5C /* Planner AppTests.xctest */;
			productType = "com.apple.product-type.bundle.unit-test";
		};
		0134A9942BACA44400D5BB5C /* Planner AppUITests */ = {
			isa = PBXNativeTarget;
			buildConfigurationList = 0134A9A52BACA44400D5BB5C /* Build configuration list for PBXNativeTarget "Planner AppUITests" */;
			buildPhases = (
				0134A9912BACA44400D5BB5C /* Sources */,
				0134A9922BACA44400D5BB5C /* Frameworks */,
				0134A9932BACA44400D5BB5C /* Resources */,
			);
			buildRules = (
			);
			dependencies = (
				0134A9972BACA44400D5BB5C /* PBXTargetDependency */,
			);
			name = "Planner AppUITests";
			productName = "Planner AppUITests";
			productReference = 0134A9952BACA44400D5BB5C /* Planner AppUITests.xctest */;
			productType = "com.apple.product-type.bundle.ui-testing";
		};
/* End PBXNativeTarget section */

/* Begin PBXProject section */
		0134A9702BACA44300D5BB5C /* Project object */ = {
			isa = PBXProject;
			attributes = {
				BuildIndependentTargetsInParallel = 1;
				LastSwiftUpdateCheck = 1530;
				LastUpgradeCheck = 1530;
				TargetAttributes = {
					0134A9772BACA44300D5BB5C = {
						CreatedOnToolsVersion = 15.3;
					};
					0134A98A2BACA44400D5BB5C = {
						CreatedOnToolsVersion = 15.3;
						TestTargetID = 0134A9772BACA44300D5BB5C;
					};
					0134A9942BACA44400D5BB5C = {
						CreatedOnToolsVersion = 15.3;
						TestTargetID = 0134A9772BACA44300D5BB5C;
					};
				};
			};
			buildConfigurationList = 0134A9732BACA44300D5BB5C /* Build configuration list for PBXProject "Planner App" */;
			compatibilityVersion = "Xcode 14.0";
			developmentRegion = en;
			hasScannedForEncodings = 0;
			knownRegions = (
				en,
				Base,
			);
			mainGroup = 0134A96F2BACA44300D5BB5C;
			productRefGroup = 0134A9792BACA44300D5BB5C /* Products */;
			projectDirPath = "";
			projectRoot = "";
			targets = (
				0134A9772BACA44300D5BB5C /* Planner App */,
				0134A98A2BACA44400D5BB5C /* Planner AppTests */,
				0134A9942BACA44400D5BB5C /* Planner AppUITests */,
			);
		};
/* End PBXProject section */

/* Begin PBXResourcesBuildPhase section */
		0134A9762BACA44300D5BB5C /* Resources */ = {
			isa = PBXResourcesBuildPhase;
			buildActionMask = 2147483647;
			files = (
				0134A9862BACA44400D5BB5C /* Preview Assets.xcassets in Resources */,
				0134A9822BACA44400D5BB5C /* Assets.xcassets in Resources */,
			);
			runOnlyForDeploymentPostprocessing = 0;
		};
		0134A9892BACA44400D5BB5C /* Resources */ = {
			isa = PBXResourcesBuildPhase;
			buildActionMask = 2147483647;
			files = (
			);
			runOnlyForDeploymentPostprocessing = 0;
		};
		0134A9932BACA44400D5BB5C /* Resources */ = {
			isa = PBXResourcesBuildPhase;
			buildActionMask = 2147483647;
			files = (
			);
			runOnlyForDeploymentPostprocessing = 0;
		};
/* End PBXResourcesBuildPhase section */

/* Begin PBXSourcesBuildPhase section */
		0134A9742BACA44300D5BB5C /* Sources */ = {
			isa = PBXSourcesBuildPhase;
			buildActionMask = 2147483647;
			files = (
				011DEC5C2BAF0C7200B2249F /* WeatherView.swift in Sources */,
				011DEC662BAF2E3800B2249F /* Modules.swift in Sources */,
				011DEC502BAF048100B2249F /* TodayLayoutView.swift in Sources */,
				011DEC5E2BAF0C7B00B2249F /* GratitudeView.swift in Sources */,
				011DEC622BAF0CE200B2249F /* WaterView.swift in Sources */,
				0134A9B62BAD1B4900D5BB5C /* ModuleNames.swift in Sources */,
				0134A9AD2BACC6DE00D5BB5C /* TodayBoxView.swift in Sources */,
				0134A9AF2BACC7A900D5BB5C /* MiniMonthCalendarView.swift in Sources */,
				011DEC542BAF0A9D00B2249F /* SpaceView2.swift in Sources */,
				011DEC562BAF0BFC00B2249F /* MoodView.swift in Sources */,
				0134A9B42BAD1AA700D5BB5C /* AddModuleView.swift in Sources */,
				011DEC602BAF0C9A00B2249F /* NotesView.swift in Sources */,
				0134A97E2BACA44300D5BB5C /* ContentView.swift in Sources */,
				0134A9A92BACAB4C00D5BB5C /* TodayView.swift in Sources */,
				0135C3BE2BAF7C2300D60E30 /* Slider.swift in Sources */,
				011DEC642BAF0CEC00B2249F /* MealsView.swift in Sources */,
				0135C3BC2BAF68C600D60E30 /* CircleSlider.swift in Sources */,
				011DEC582BAF0C0D00B2249F /* ScheduleView.swift in Sources */,
				011DEC5A2BAF0C5600B2249F /* TasksView.swift in Sources */,
				0134A97C2BACA44300D5BB5C /* Planner_AppApp.swift in Sources */,
			);
			runOnlyForDeploymentPostprocessing = 0;
		};
		0134A9872BACA44400D5BB5C /* Sources */ = {
			isa = PBXSourcesBuildPhase;
			buildActionMask = 2147483647;
			files = (
				0134A9902BACA44400D5BB5C /* Planner_AppTests.swift in Sources */,
			);
			runOnlyForDeploymentPostprocessing = 0;
		};
		0134A9912BACA44400D5BB5C /* Sources */ = {
			isa = PBXSourcesBuildPhase;
			buildActionMask = 2147483647;
			files = (
				0134A99A2BACA44400D5BB5C /* Planner_AppUITests.swift in Sources */,
				0134A99C2BACA44400D5BB5C /* Planner_AppUITestsLaunchTests.swift in Sources */,
			);
			runOnlyForDeploymentPostprocessing = 0;
		};
/* End PBXSourcesBuildPhase section */

/* Begin PBXTargetDependency section */
		0134A98D2BACA44400D5BB5C /* PBXTargetDependency */ = {
			isa = PBXTargetDependency;
			target = 0134A9772BACA44300D5BB5C /* Planner App */;
			targetProxy = 0134A98C2BACA44400D5BB5C /* PBXContainerItemProxy */;
		};
		0134A9972BACA44400D5BB5C /* PBXTargetDependency */ = {
			isa = PBXTargetDependency;
			target = 0134A9772BACA44300D5BB5C /* Planner App */;
			targetProxy = 0134A9962BACA44400D5BB5C /* PBXContainerItemProxy */;
		};
/* End PBXTargetDependency section */

/* Begin XCBuildConfiguration section */
		0134A99D2BACA44400D5BB5C /* Debug */ = {
			isa = XCBuildConfiguration;
			buildSettings = {
				ALWAYS_SEARCH_USER_PATHS = NO;
				ASSETCATALOG_COMPILER_GENERATE_SWIFT_ASSET_SYMBOL_EXTENSIONS = YES;
				CLANG_ANALYZER_NONNULL = YES;
				CLANG_ANALYZER_NUMBER_OBJECT_CONVERSION = YES_AGGRESSIVE;
				CLANG_CXX_LANGUAGE_STANDARD = "gnu++20";
				CLANG_ENABLE_MODULES = YES;
				CLANG_ENABLE_OBJC_ARC = YES;
				CLANG_ENABLE_OBJC_WEAK = YES;
				CLANG_WARN_BLOCK_CAPTURE_AUTORELEASING = YES;
				CLANG_WARN_BOOL_CONVERSION = YES;
				CLANG_WARN_COMMA = YES;
				CLANG_WARN_CONSTANT_CONVERSION = YES;
				CLANG_WARN_DEPRECATED_OBJC_IMPLEMENTATIONS = YES;
				CLANG_WARN_DIRECT_OBJC_ISA_USAGE = YES_ERROR;
				CLANG_WARN_DOCUMENTATION_COMMENTS = YES;
				CLANG_WARN_EMPTY_BODY = YES;
				CLANG_WARN_ENUM_CONVERSION = YES;
				CLANG_WARN_INFINITE_RECURSION = YES;
				CLANG_WARN_INT_CONVERSION = YES;
				CLANG_WARN_NON_LITERAL_NULL_CONVERSION = YES;
				CLANG_WARN_OBJC_IMPLICIT_RETAIN_SELF = YES;
				CLANG_WARN_OBJC_LITERAL_CONVERSION = YES;
				CLANG_WARN_OBJC_ROOT_CLASS = YES_ERROR;
				CLANG_WARN_QUOTED_INCLUDE_IN_FRAMEWORK_HEADER = YES;
				CLANG_WARN_RANGE_LOOP_ANALYSIS = YES;
				CLANG_WARN_STRICT_PROTOTYPES = YES;
				CLANG_WARN_SUSPICIOUS_MOVE = YES;
				CLANG_WARN_UNGUARDED_AVAILABILITY = YES_AGGRESSIVE;
				CLANG_WARN_UNREACHABLE_CODE = YES;
				CLANG_WARN__DUPLICATE_METHOD_MATCH = YES;
				COPY_PHASE_STRIP = NO;
				DEBUG_INFORMATION_FORMAT = dwarf;
				ENABLE_STRICT_OBJC_MSGSEND = YES;
				ENABLE_TESTABILITY = YES;
				ENABLE_USER_SCRIPT_SANDBOXING = YES;
				GCC_C_LANGUAGE_STANDARD = gnu17;
				GCC_DYNAMIC_NO_PIC = NO;
				GCC_NO_COMMON_BLOCKS = YES;
				GCC_OPTIMIZATION_LEVEL = 0;
				GCC_PREPROCESSOR_DEFINITIONS = (
					"DEBUG=1",
					"$(inherited)",
				);
				GCC_WARN_64_TO_32_BIT_CONVERSION = YES;
				GCC_WARN_ABOUT_RETURN_TYPE = YES_ERROR;
				GCC_WARN_UNDECLARED_SELECTOR = YES;
				GCC_WARN_UNINITIALIZED_AUTOS = YES_AGGRESSIVE;
				GCC_WARN_UNUSED_FUNCTION = YES;
				GCC_WARN_UNUSED_VARIABLE = YES;
				LOCALIZATION_PREFERS_STRING_CATALOGS = YES;
				MTL_ENABLE_DEBUG_INFO = INCLUDE_SOURCE;
				MTL_FAST_MATH = YES;
				ONLY_ACTIVE_ARCH = YES;
				SWIFT_ACTIVE_COMPILATION_CONDITIONS = "DEBUG $(inherited)";
				SWIFT_OPTIMIZATION_LEVEL = "-Onone";
			};
			name = Debug;
		};
		0134A99E2BACA44400D5BB5C /* Release */ = {
			isa = XCBuildConfiguration;
			buildSettings = {
				ALWAYS_SEARCH_USER_PATHS = NO;
				ASSETCATALOG_COMPILER_GENERATE_SWIFT_ASSET_SYMBOL_EXTENSIONS = YES;
				CLANG_ANALYZER_NONNULL = YES;
				CLANG_ANALYZER_NUMBER_OBJECT_CONVERSION = YES_AGGRESSIVE;
				CLANG_CXX_LANGUAGE_STANDARD = "gnu++20";
				CLANG_ENABLE_MODULES = YES;
				CLANG_ENABLE_OBJC_ARC = YES;
				CLANG_ENABLE_OBJC_WEAK = YES;
				CLANG_WARN_BLOCK_CAPTURE_AUTORELEASING = YES;
				CLANG_WARN_BOOL_CONVERSION = YES;
				CLANG_WARN_COMMA = YES;
				CLANG_WARN_CONSTANT_CONVERSION = YES;
				CLANG_WARN_DEPRECATED_OBJC_IMPLEMENTATIONS = YES;
				CLANG_WARN_DIRECT_OBJC_ISA_USAGE = YES_ERROR;
				CLANG_WARN_DOCUMENTATION_COMMENTS = YES;
				CLANG_WARN_EMPTY_BODY = YES;
				CLANG_WARN_ENUM_CONVERSION = YES;
				CLANG_WARN_INFINITE_RECURSION = YES;
				CLANG_WARN_INT_CONVERSION = YES;
				CLANG_WARN_NON_LITERAL_NULL_CONVERSION = YES;
				CLANG_WARN_OBJC_IMPLICIT_RETAIN_SELF = YES;
				CLANG_WARN_OBJC_LITERAL_CONVERSION = YES;
				CLANG_WARN_OBJC_ROOT_CLASS = YES_ERROR;
				CLANG_WARN_QUOTED_INCLUDE_IN_FRAMEWORK_HEADER = YES;
				CLANG_WARN_RANGE_LOOP_ANALYSIS = YES;
				CLANG_WARN_STRICT_PROTOTYPES = YES;
				CLANG_WARN_SUSPICIOUS_MOVE = YES;
				CLANG_WARN_UNGUARDED_AVAILABILITY = YES_AGGRESSIVE;
				CLANG_WARN_UNREACHABLE_CODE = YES;
				CLANG_WARN__DUPLICATE_METHOD_MATCH = YES;
				COPY_PHASE_STRIP = NO;
				DEBUG_INFORMATION_FORMAT = "dwarf-with-dsym";
				ENABLE_NS_ASSERTIONS = NO;
				ENABLE_STRICT_OBJC_MSGSEND = YES;
				ENABLE_USER_SCRIPT_SANDBOXING = YES;
				GCC_C_LANGUAGE_STANDARD = gnu17;
				GCC_NO_COMMON_BLOCKS = YES;
				GCC_WARN_64_TO_32_BIT_CONVERSION = YES;
				GCC_WARN_ABOUT_RETURN_TYPE = YES_ERROR;
				GCC_WARN_UNDECLARED_SELECTOR = YES;
				GCC_WARN_UNINITIALIZED_AUTOS = YES_AGGRESSIVE;
				GCC_WARN_UNUSED_FUNCTION = YES;
				GCC_WARN_UNUSED_VARIABLE = YES;
				LOCALIZATION_PREFERS_STRING_CATALOGS = YES;
				MTL_ENABLE_DEBUG_INFO = NO;
				MTL_FAST_MATH = YES;
				SWIFT_COMPILATION_MODE = wholemodule;
			};
			name = Release;
		};
		0134A9A02BACA44400D5BB5C /* Debug */ = {
			isa = XCBuildConfiguration;
			buildSettings = {
				ASSETCATALOG_COMPILER_APPICON_NAME = AppIcon;
				ASSETCATALOG_COMPILER_GLOBAL_ACCENT_COLOR_NAME = AccentColor;
				CODE_SIGN_ENTITLEMENTS = "Planner App/Planner_App.entitlements";
				CODE_SIGN_STYLE = Automatic;
				CURRENT_PROJECT_VERSION = 1;
				DEVELOPMENT_ASSET_PATHS = "\"Planner App/Preview Content\"";
				DEVELOPMENT_TEAM = 9MVZ2B38J8;
				ENABLE_HARDENED_RUNTIME = YES;
				ENABLE_PREVIEWS = YES;
				GENERATE_INFOPLIST_FILE = YES;
				"INFOPLIST_KEY_UIApplicationSceneManifest_Generation[sdk=iphoneos*]" = YES;
				"INFOPLIST_KEY_UIApplicationSceneManifest_Generation[sdk=iphonesimulator*]" = YES;
				"INFOPLIST_KEY_UIApplicationSupportsIndirectInputEvents[sdk=iphoneos*]" = YES;
				"INFOPLIST_KEY_UIApplicationSupportsIndirectInputEvents[sdk=iphonesimulator*]" = YES;
				"INFOPLIST_KEY_UILaunchScreen_Generation[sdk=iphoneos*]" = YES;
				"INFOPLIST_KEY_UILaunchScreen_Generation[sdk=iphonesimulator*]" = YES;
				"INFOPLIST_KEY_UIStatusBarStyle[sdk=iphoneos*]" = UIStatusBarStyleDefault;
				"INFOPLIST_KEY_UIStatusBarStyle[sdk=iphonesimulator*]" = UIStatusBarStyleDefault;
				INFOPLIST_KEY_UISupportedInterfaceOrientations_iPad = "UIInterfaceOrientationPortrait UIInterfaceOrientationPortraitUpsideDown UIInterfaceOrientationLandscapeLeft UIInterfaceOrientationLandscapeRight";
				INFOPLIST_KEY_UISupportedInterfaceOrientations_iPhone = "UIInterfaceOrientationPortrait UIInterfaceOrientationLandscapeLeft UIInterfaceOrientationLandscapeRight";
				IPHONEOS_DEPLOYMENT_TARGET = 17.2;
				LD_RUNPATH_SEARCH_PATHS = "@executable_path/Frameworks";
				"LD_RUNPATH_SEARCH_PATHS[sdk=macosx*]" = "@executable_path/../Frameworks";
				MACOSX_DEPLOYMENT_TARGET = 14.0;
				MARKETING_VERSION = 1.0;
				PRODUCT_BUNDLE_IDENTIFIER = "com.rosieomarrow.Planner-App";
				PRODUCT_NAME = "$(TARGET_NAME)";
				SDKROOT = auto;
				SUPPORTED_PLATFORMS = "iphoneos iphonesimulator macosx";
				SWIFT_EMIT_LOC_STRINGS = YES;
				SWIFT_VERSION = 5.0;
				TARGETED_DEVICE_FAMILY = "1,2";
			};
			name = Debug;
		};
		0134A9A12BACA44400D5BB5C /* Release */ = {
			isa = XCBuildConfiguration;
			buildSettings = {
				ASSETCATALOG_COMPILER_APPICON_NAME = AppIcon;
				ASSETCATALOG_COMPILER_GLOBAL_ACCENT_COLOR_NAME = AccentColor;
				CODE_SIGN_ENTITLEMENTS = "Planner App/Planner_App.entitlements";
				CODE_SIGN_STYLE = Automatic;
				CURRENT_PROJECT_VERSION = 1;
				DEVELOPMENT_ASSET_PATHS = "\"Planner App/Preview Content\"";
				DEVELOPMENT_TEAM = 9MVZ2B38J8;
				ENABLE_HARDENED_RUNTIME = YES;
				ENABLE_PREVIEWS = YES;
				GENERATE_INFOPLIST_FILE = YES;
				"INFOPLIST_KEY_UIApplicationSceneManifest_Generation[sdk=iphoneos*]" = YES;
				"INFOPLIST_KEY_UIApplicationSceneManifest_Generation[sdk=iphonesimulator*]" = YES;
				"INFOPLIST_KEY_UIApplicationSupportsIndirectInputEvents[sdk=iphoneos*]" = YES;
				"INFOPLIST_KEY_UIApplicationSupportsIndirectInputEvents[sdk=iphonesimulator*]" = YES;
				"INFOPLIST_KEY_UILaunchScreen_Generation[sdk=iphoneos*]" = YES;
				"INFOPLIST_KEY_UILaunchScreen_Generation[sdk=iphonesimulator*]" = YES;
				"INFOPLIST_KEY_UIStatusBarStyle[sdk=iphoneos*]" = UIStatusBarStyleDefault;
				"INFOPLIST_KEY_UIStatusBarStyle[sdk=iphonesimulator*]" = UIStatusBarStyleDefault;
				INFOPLIST_KEY_UISupportedInterfaceOrientations_iPad = "UIInterfaceOrientationPortrait UIInterfaceOrientationPortraitUpsideDown UIInterfaceOrientationLandscapeLeft UIInterfaceOrientationLandscapeRight";
				INFOPLIST_KEY_UISupportedInterfaceOrientations_iPhone = "UIInterfaceOrientationPortrait UIInterfaceOrientationLandscapeLeft UIInterfaceOrientationLandscapeRight";
				IPHONEOS_DEPLOYMENT_TARGET = 17.2;
				LD_RUNPATH_SEARCH_PATHS = "@executable_path/Frameworks";
				"LD_RUNPATH_SEARCH_PATHS[sdk=macosx*]" = "@executable_path/../Frameworks";
				MACOSX_DEPLOYMENT_TARGET = 14.0;
				MARKETING_VERSION = 1.0;
				PRODUCT_BUNDLE_IDENTIFIER = "com.rosieomarrow.Planner-App";
				PRODUCT_NAME = "$(TARGET_NAME)";
				SDKROOT = auto;
				SUPPORTED_PLATFORMS = "iphoneos iphonesimulator macosx";
				SWIFT_EMIT_LOC_STRINGS = YES;
				SWIFT_VERSION = 5.0;
				TARGETED_DEVICE_FAMILY = "1,2";
			};
			name = Release;
		};
		0134A9A32BACA44400D5BB5C /* Debug */ = {
			isa = XCBuildConfiguration;
			buildSettings = {
				ALWAYS_EMBED_SWIFT_STANDARD_LIBRARIES = YES;
				BUNDLE_LOADER = "$(TEST_HOST)";
				CODE_SIGN_STYLE = Automatic;
				CURRENT_PROJECT_VERSION = 1;
				DEVELOPMENT_TEAM = 9MVZ2B38J8;
				GENERATE_INFOPLIST_FILE = YES;
				IPHONEOS_DEPLOYMENT_TARGET = 17.4;
				MACOSX_DEPLOYMENT_TARGET = 14.3;
				MARKETING_VERSION = 1.0;
				PRODUCT_BUNDLE_IDENTIFIER = "com.rosieomarrow.Planner-AppTests";
				PRODUCT_NAME = "$(TARGET_NAME)";
				SDKROOT = auto;
				SUPPORTED_PLATFORMS = "iphoneos iphonesimulator macosx";
				SWIFT_EMIT_LOC_STRINGS = NO;
				SWIFT_VERSION = 5.0;
				TARGETED_DEVICE_FAMILY = "1,2";
				TEST_HOST = "$(BUILT_PRODUCTS_DIR)/Planner App.app/$(BUNDLE_EXECUTABLE_FOLDER_PATH)/Planner App";
			};
			name = Debug;
		};
		0134A9A42BACA44400D5BB5C /* Release */ = {
			isa = XCBuildConfiguration;
			buildSettings = {
				ALWAYS_EMBED_SWIFT_STANDARD_LIBRARIES = YES;
				BUNDLE_LOADER = "$(TEST_HOST)";
				CODE_SIGN_STYLE = Automatic;
				CURRENT_PROJECT_VERSION = 1;
				DEVELOPMENT_TEAM = 9MVZ2B38J8;
				GENERATE_INFOPLIST_FILE = YES;
				IPHONEOS_DEPLOYMENT_TARGET = 17.4;
				MACOSX_DEPLOYMENT_TARGET = 14.3;
				MARKETING_VERSION = 1.0;
				PRODUCT_BUNDLE_IDENTIFIER = "com.rosieomarrow.Planner-AppTests";
				PRODUCT_NAME = "$(TARGET_NAME)";
				SDKROOT = auto;
				SUPPORTED_PLATFORMS = "iphoneos iphonesimulator macosx";
				SWIFT_EMIT_LOC_STRINGS = NO;
				SWIFT_VERSION = 5.0;
				TARGETED_DEVICE_FAMILY = "1,2";
				TEST_HOST = "$(BUILT_PRODUCTS_DIR)/Planner App.app/$(BUNDLE_EXECUTABLE_FOLDER_PATH)/Planner App";
			};
			name = Release;
		};
		0134A9A62BACA44400D5BB5C /* Debug */ = {
			isa = XCBuildConfiguration;
			buildSettings = {
				ALWAYS_EMBED_SWIFT_STANDARD_LIBRARIES = YES;
				CODE_SIGN_STYLE = Automatic;
				CURRENT_PROJECT_VERSION = 1;
				DEVELOPMENT_TEAM = 9MVZ2B38J8;
				GENERATE_INFOPLIST_FILE = YES;
				IPHONEOS_DEPLOYMENT_TARGET = 17.4;
				MACOSX_DEPLOYMENT_TARGET = 14.3;
				MARKETING_VERSION = 1.0;
				PRODUCT_BUNDLE_IDENTIFIER = "com.rosieomarrow.Planner-AppUITests";
				PRODUCT_NAME = "$(TARGET_NAME)";
				SDKROOT = auto;
				SUPPORTED_PLATFORMS = "iphoneos iphonesimulator macosx";
				SWIFT_EMIT_LOC_STRINGS = NO;
				SWIFT_VERSION = 5.0;
				TARGETED_DEVICE_FAMILY = "1,2";
				TEST_TARGET_NAME = "Planner App";
			};
			name = Debug;
		};
		0134A9A72BACA44400D5BB5C /* Release */ = {
			isa = XCBuildConfiguration;
			buildSettings = {
				ALWAYS_EMBED_SWIFT_STANDARD_LIBRARIES = YES;
				CODE_SIGN_STYLE = Automatic;
				CURRENT_PROJECT_VERSION = 1;
				DEVELOPMENT_TEAM = 9MVZ2B38J8;
				GENERATE_INFOPLIST_FILE = YES;
				IPHONEOS_DEPLOYMENT_TARGET = 17.4;
				MACOSX_DEPLOYMENT_TARGET = 14.3;
				MARKETING_VERSION = 1.0;
				PRODUCT_BUNDLE_IDENTIFIER = "com.rosieomarrow.Planner-AppUITests";
				PRODUCT_NAME = "$(TARGET_NAME)";
				SDKROOT = auto;
				SUPPORTED_PLATFORMS = "iphoneos iphonesimulator macosx";
				SWIFT_EMIT_LOC_STRINGS = NO;
				SWIFT_VERSION = 5.0;
				TARGETED_DEVICE_FAMILY = "1,2";
				TEST_TARGET_NAME = "Planner App";
			};
			name = Release;
		};
/* End XCBuildConfiguration section */

/* Begin XCConfigurationList section */
		0134A9732BACA44300D5BB5C /* Build configuration list for PBXProject "Planner App" */ = {
			isa = XCConfigurationList;
			buildConfigurations = (
				0134A99D2BACA44400D5BB5C /* Debug */,
				0134A99E2BACA44400D5BB5C /* Release */,
			);
			defaultConfigurationIsVisible = 0;
			defaultConfigurationName = Release;
		};
		0134A99F2BACA44400D5BB5C /* Build configuration list for PBXNativeTarget "Planner App" */ = {
			isa = XCConfigurationList;
			buildConfigurations = (
				0134A9A02BACA44400D5BB5C /* Debug */,
				0134A9A12BACA44400D5BB5C /* Release */,
			);
			defaultConfigurationIsVisible = 0;
			defaultConfigurationName = Release;
		};
		0134A9A22BACA44400D5BB5C /* Build configuration list for PBXNativeTarget "Planner AppTests" */ = {
			isa = XCConfigurationList;
			buildConfigurations = (
				0134A9A32BACA44400D5BB5C /* Debug */,
				0134A9A42BACA44400D5BB5C /* Release */,
			);
			defaultConfigurationIsVisible = 0;
			defaultConfigurationName = Release;
		};
		0134A9A52BACA44400D5BB5C /* Build configuration list for PBXNativeTarget "Planner AppUITests" */ = {
			isa = XCConfigurationList;
			buildConfigurations = (
				0134A9A62BACA44400D5BB5C /* Debug */,
				0134A9A72BACA44400D5BB5C /* Release */,
			);
			defaultConfigurationIsVisible = 0;
			defaultConfigurationName = Release;
		};
/* End XCConfigurationList section */
	};
	rootObject = 0134A9702BACA44300D5BB5C /* Project object */;
}
